
Microsoft Visual Studio Solution File, Format Version 12.00
# Visual Studio Version 17
VisualStudioVersion = 17.3.32811.315
MinimumVisualStudioVersion = 10.0.40219.1
Project("{FAE04EC0-301F-11D3-BF4B-00C04F79EFBC}") = "Companion", "Companion\Companion.csproj", "{96C114D8-F270-481C-AC8C-D5BCAF9DDB95}"
EndProject
Global
	GlobalSection(SolutionConfigurationPlatforms) = preSolution
		Debug|Any CPU = Debug|Any CPU
		Release|Any CPU = Release|Any CPU
	EndGlobalSection
	GlobalSection(ProjectConfigurationPlatforms) = postSolution
		{96C114D8-F270-481C-AC8C-D5BCAF9DDB95}.Debug|Any CPU.ActiveCfg = Debug|Any CPU
		{96C114D8-F270-481C-AC8C-D5BCAF9DDB95}.Debug|Any CPU.Build.0 = Debug|Any CPU
		{96C114D8-F270-481C-AC8C-D5BCAF9DDB95}.Release|Any CPU.ActiveCfg = Release|Any CPU
		{96C114D8-F270-481C-AC8C-D5BCAF9DDB95}.Release|Any CPU.Build.0 = Release|Any CPU
	EndGlobalSection
	GlobalSection(SolutionProperties) = preSolution
		HideSolutionNode = FALSE
	EndGlobalSection
	GlobalSection(ExtensibilityGlobals) = postSolution
		SolutionGuid = {B604B805-9F67-44F9-93D2-DE78345ABAC9}
	EndGlobalSection
EndGlobal
